
Microsoft Visual Studio Solution File, Format Version 12.00
Project("{FAE04EC0-301F-11D3-BF4B-00C04F79EFBC}") = "RpgMechant", "RpgMechant\RpgMechant.csproj", "{1B39D42F-F085-44C6-9427-D65676014399}"
EndProject
Project("{FAE04EC0-301F-11D3-BF4B-00C04F79EFBC}") = "RpgMerchant.Domain", "RpgMerchant.Domain\RpgMerchant.Domain.csproj", "{8462ED0D-7CF1-4CDF-8CF7-A6F9EBE1B248}"
EndProject
Project("{FAE04EC0-301F-11D3-BF4B-00C04F79EFBC}") = "RpgMerchant.Application", "RpgMerchant.Application\RpgMerchant.Application.csproj", "{5D2B898D-50B2-4944-B3FC-110B0932D9F4}"
EndProject
Project("{FAE04EC0-301F-11D3-BF4B-00C04F79EFBC}") = "RpgMerchant.Infrastructure", "RpgMerchant.Infrastructure\RpgMerchant.Infrastructure.csproj", "{6026C252-45AB-4DEB-8C08-8C40EB23CBDB}"
EndProject
Global
	GlobalSection(SolutionConfigurationPlatforms) = preSolution
		Debug|Any CPU = Debug|Any CPU
		Release|Any CPU = Release|Any CPU
	EndGlobalSection
	GlobalSection(ProjectConfigurationPlatforms) = postSolution
		{1B39D42F-F085-44C6-9427-D65676014399}.Debug|Any CPU.ActiveCfg = Debug|Any CPU
		{1B39D42F-F085-44C6-9427-D65676014399}.Debug|Any CPU.Build.0 = Debug|Any CPU
		{1B39D42F-F085-44C6-9427-D65676014399}.Release|Any CPU.ActiveCfg = Release|Any CPU
		{1B39D42F-F085-44C6-9427-D65676014399}.Release|Any CPU.Build.0 = Release|Any CPU
		{8462ED0D-7CF1-4CDF-8CF7-A6F9EBE1B248}.Debug|Any CPU.ActiveCfg = Debug|Any CPU
		{8462ED0D-7CF1-4CDF-8CF7-A6F9EBE1B248}.Debug|Any CPU.Build.0 = Debug|Any CPU
		{8462ED0D-7CF1-4CDF-8CF7-A6F9EBE1B248}.Release|Any CPU.ActiveCfg = Release|Any CPU
		{8462ED0D-7CF1-4CDF-8CF7-A6F9EBE1B248}.Release|Any CPU.Build.0 = Release|Any CPU
		{5D2B898D-50B2-4944-B3FC-110B0932D9F4}.Debug|Any CPU.ActiveCfg = Debug|Any CPU
		{5D2B898D-50B2-4944-B3FC-110B0932D9F4}.Debug|Any CPU.Build.0 = Debug|Any CPU
		{5D2B898D-50B2-4944-B3FC-110B0932D9F4}.Release|Any CPU.ActiveCfg = Release|Any CPU
		{5D2B898D-50B2-4944-B3FC-110B0932D9F4}.Release|Any CPU.Build.0 = Release|Any CPU
		{6026C252-45AB-4DEB-8C08-8C40EB23CBDB}.Debug|Any CPU.ActiveCfg = Debug|Any CPU
		{6026C252-45AB-4DEB-8C08-8C40EB23CBDB}.Debug|Any CPU.Build.0 = Debug|Any CPU
		{6026C252-45AB-4DEB-8C08-8C40EB23CBDB}.Release|Any CPU.ActiveCfg = Release|Any CPU
		{6026C252-45AB-4DEB-8C08-8C40EB23CBDB}.Release|Any CPU.Build.0 = Release|Any CPU
	EndGlobalSection
EndGlobal
