
Microsoft Visual Studio Solution File, Format Version 12.00
Project("{2150E333-8FDC-42A3-9474-1A3956D46DE8}") = "src", "src", "{E6803F6A-EDF6-47D8-9045-BA503F6E93F5}"
EndProject
Project("{2150E333-8FDC-42A3-9474-1A3956D46DE8}") = "test", "test", "{9749A3F6-1363-4CBA-9BEC-501E40B7D1FF}"
EndProject
Project("{FAE04EC0-301F-11D3-BF4B-00C04F79EFBC}") = "RpgMerchant.API", "RpgMerchant.API\RpgMerchant.API.csproj", "{FADB10F3-E1CB-4280-BDCB-71D973E71F3E}"
EndProject
Project("{FAE04EC0-301F-11D3-BF4B-00C04F79EFBC}") = "RpgMerchant.Domain", "RpgMerchant.Domain\RpgMerchant.Domain.csproj", "{AC991EED-CD2F-426C-BFF6-2809342A3480}"
EndProject
Project("{FAE04EC0-301F-11D3-BF4B-00C04F79EFBC}") = "RpgMerchant.Application", "RpgMerchant.Application\RpgMerchant.Application.csproj", "{0E33E72A-E29F-4F3B-88D4-CAED4017CF41}"
EndProject
Project("{FAE04EC0-301F-11D3-BF4B-00C04F79EFBC}") = "RpgMerchant.Infrastructure", "RpgMerchant.Infrastructure\RpgMerchant.Infrastructure.csproj", "{E8A6651F-51B9-4DE5-BF11-DE4A60CD5820}"
EndProject
Global
	GlobalSection(SolutionConfigurationPlatforms) = preSolution
		Debug|Any CPU = Debug|Any CPU
		Release|Any CPU = Release|Any CPU
	EndGlobalSection
	GlobalSection(ProjectConfigurationPlatforms) = postSolution
		{FADB10F3-E1CB-4280-BDCB-71D973E71F3E}.Debug|Any CPU.ActiveCfg = Debug|Any CPU
		{FADB10F3-E1CB-4280-BDCB-71D973E71F3E}.Debug|Any CPU.Build.0 = Debug|Any CPU
		{FADB10F3-E1CB-4280-BDCB-71D973E71F3E}.Release|Any CPU.ActiveCfg = Release|Any CPU
		{FADB10F3-E1CB-4280-BDCB-71D973E71F3E}.Release|Any CPU.Build.0 = Release|Any CPU
		{AC991EED-CD2F-426C-BFF6-2809342A3480}.Debug|Any CPU.ActiveCfg = Debug|Any CPU
		{AC991EED-CD2F-426C-BFF6-2809342A3480}.Debug|Any CPU.Build.0 = Debug|Any CPU
		{AC991EED-CD2F-426C-BFF6-2809342A3480}.Release|Any CPU.ActiveCfg = Release|Any CPU
		{AC991EED-CD2F-426C-BFF6-2809342A3480}.Release|Any CPU.Build.0 = Release|Any CPU
		{0E33E72A-E29F-4F3B-88D4-CAED4017CF41}.Debug|Any CPU.ActiveCfg = Debug|Any CPU
		{0E33E72A-E29F-4F3B-88D4-CAED4017CF41}.Debug|Any CPU.Build.0 = Debug|Any CPU
		{0E33E72A-E29F-4F3B-88D4-CAED4017CF41}.Release|Any CPU.ActiveCfg = Release|Any CPU
		{0E33E72A-E29F-4F3B-88D4-CAED4017CF41}.Release|Any CPU.Build.0 = Release|Any CPU
		{E8A6651F-51B9-4DE5-BF11-DE4A60CD5820}.Debug|Any CPU.ActiveCfg = Debug|Any CPU
		{E8A6651F-51B9-4DE5-BF11-DE4A60CD5820}.Debug|Any CPU.Build.0 = Debug|Any CPU
		{E8A6651F-51B9-4DE5-BF11-DE4A60CD5820}.Release|Any CPU.ActiveCfg = Release|Any CPU
		{E8A6651F-51B9-4DE5-BF11-DE4A60CD5820}.Release|Any CPU.Build.0 = Release|Any CPU
	EndGlobalSection
	GlobalSection(NestedProjects) = preSolution
		{FADB10F3-E1CB-4280-BDCB-71D973E71F3E} = {E6803F6A-EDF6-47D8-9045-BA503F6E93F5}
		{AC991EED-CD2F-426C-BFF6-2809342A3480} = {E6803F6A-EDF6-47D8-9045-BA503F6E93F5}
		{0E33E72A-E29F-4F3B-88D4-CAED4017CF41} = {E6803F6A-EDF6-47D8-9045-BA503F6E93F5}
		{E8A6651F-51B9-4DE5-BF11-DE4A60CD5820} = {E6803F6A-EDF6-47D8-9045-BA503F6E93F5}
	EndGlobalSection
EndGlobal
